{
  "name": "ace-t-site",
  "version": "1.0.0",
  "lockfileVersion": 3,
  "requires": true,
  "packages": {
    "": {
      "name": "ace-t-site",
      "version": "1.0.0",
      "license": "ISC",
      "dependencies": {
        "docx": "^9.6.1",
        "pdf-lib": "^1.17.1",
        "playwright": "^1.56.0",
        "sharp": "^0.34.5"
      },
      "devDependencies": {
        "axe-core": "^4.13.0",
        "d3-geo": "^3.1.1",
        "topojson-client": "^3.1.0",
        "world-atlas": "^2.0.2"
      }
    },
    "../.npm-global/lib/node_modules/docx": {
      "version": "9.6.1",
      "license": "MIT",
      "dependencies": {
        "@types/node": "^25.2.3",
        "hash.js": "^1.1.7",
        "jszip": "^3.10.1",
        "nanoid": "^5.1.3",
        "xml": "^1.0.1",
        "xml-js": "^1.6.8"
      },
      "devDependencies": {
        "@types/inquirer": "^9.0.3",
        "@types/unzipper": "^0.10.4",
        "@types/xml": "^1.0.8",
        "@typescript-eslint/eslint-plugin": "^8.8.1",
        "@typescript-eslint/parser": "^8.8.1",
        "@vitest/coverage-v8": "^4.0.18",
        "@vitest/ui": "^4.0.18",
        "cspell": "^9.0.0",
        "docsify-cli": "^4.3.0",
        "eslint": "^9.13.0",
        "eslint-import-resolver-typescript": "^4.3.2",
        "eslint-plugin-functional": "^9.0.3",
        "eslint-plugin-import": "^2.26.0",
        "eslint-plugin-jsdoc": "^62.5.5",
        "eslint-plugin-no-null": "^1.0.2",
        "eslint-plugin-prefer-arrow": "^1.2.3",
        "eslint-plugin-unicorn": "^63.0.0",
        "execa": "^9.4.0",
        "glob": "^13.0.3",
        "inquirer": "^13.2.2",
        "jiti": "^2.3.3",
        "jsdom": "^28.0.0",
        "pre-commit": "^1.2.2",
        "prettier": "^3.1.1",
        "tsconfig-paths": "^4.0.0",
        "tsx": "^4.7.0",
        "typedoc": "^0.28.2",
        "typescript": "5.9.3",
        "typescript-eslint": "^8.10.0",
        "unzipper": "^0.12.3",
        "vite": "^7.3.1",
        "vite-plugin-dts": "^4.2.4",
        "vite-plugin-node-polyfills": "^0.25.0",
        "vite-tsconfig-paths": "^6.1.1",
        "vitest": "^4.0.18"
      },
      "engines": {
        "node": ">=10"
      }
    },
    "../.npm-global/lib/node_modules/docx/node_modules/@types/node": {
      "version": "25.6.2",
      "license": "MIT",
      "dependencies": {
        "undici-types": "~7.19.0"
      }
    },
    "../.npm-global/lib/node_modules/docx/node_modules/core-util-is": {
      "version": "1.0.3",
      "license": "MIT"
    },
    "../.npm-global/lib/node_modules/docx/node_modules/hash.js": {
      "version": "1.1.7",
      "license": "MIT",
      "dependencies": {
        "inherits": "^2.0.3",
        "minimalistic-assert": "^1.0.1"
      }
    },
    "../.npm-global/lib/node_modules/docx/node_modules/immediate": {
      "version": "3.0.6",
      "license": "MIT"
    },
    "../.npm-global/lib/node_modules/docx/node_modules/inherits": {
      "version": "2.0.4",
      "license": "ISC"
    },
    "../.npm-global/lib/node_modules/docx/node_modules/isarray": {
      "version": "1.0.0",
      "license": "MIT"
    },
    "../.npm-global/lib/node_modules/docx/node_modules/jszip": {
      "version": "3.10.1",
      "license": "(MIT OR GPL-3.0-or-later)",
      "dependencies": {
        "lie": "~3.3.0",
        "pako": "~1.0.2",
        "readable-stream": "~2.3.6",
        "setimmediate": "^1.0.5"
      }
    },
    "../.npm-global/lib/node_modules/docx/node_modules/lie": {
      "version": "3.3.0",
      "license": "MIT",
      "dependencies": {
        "immediate": "~3.0.5"
      }
    },
    "../.npm-global/lib/node_modules/docx/node_modules/minimalistic-assert": {
      "version": "1.0.1",
      "license": "ISC"
    },
    "../.npm-global/lib/node_modules/docx/node_modules/nanoid": {
      "version": "5.1.11",
      "funding": [
        {
          "type": "github",
          "url": "https://github.com/sponsors/ai"
        }
      ],
      "license": "MIT",
      "bin": {
        "nanoid": "bin/nanoid.js"
      },
      "engines": {
        "node": "^18 || >=20"
      }
    },
    "../.npm-global/lib/node_modules/docx/node_modules/pako": {
      "version": "1.0.11",
      "license": "(MIT AND Zlib)"
    },
    "../.npm-global/lib/node_modules/docx/node_modules/process-nextick-args": {
      "version": "2.0.1",
      "license": "MIT"
    },
    "../.npm-global/lib/node_modules/docx/node_modules/readable-stream": {
      "version": "2.3.8",
      "license": "MIT",
      "dependencies": {
        "core-util-is": "~1.0.0",
        "inherits": "~2.0.3",
        "isarray": "~1.0.0",
        "process-nextick-args": "~2.0.0",
        "safe-buffer": "~5.1.1",
        "string_decoder": "~1.1.1",
        "util-deprecate": "~1.0.1"
      }
    },
    "../.npm-global/lib/node_modules/docx/node_modules/safe-buffer": {
      "version": "5.1.2",
      "license": "MIT"
    },
    "../.npm-global/lib/node_modules/docx/node_modules/sax": {
      "version": "1.6.0",
      "license": "BlueOak-1.0.0",
      "engines": {
        "node": ">=11.0.0"
      }
    },
    "../.npm-global/lib/node_modules/docx/node_modules/setimmediate": {
      "version": "1.0.5",
      "license": "MIT"
    },
    "../.npm-global/lib/node_modules/docx/node_modules/string_decoder": {
      "version": "1.1.1",
      "license": "MIT",
      "dependencies": {
        "safe-buffer": "~5.1.0"
      }
    },
    "../.npm-global/lib/node_modules/docx/node_modules/undici-types": {
      "version": "7.19.2",
      "license": "MIT"
    },
    "../.npm-global/lib/node_modules/docx/node_modules/util-deprecate": {
      "version": "1.0.2",
      "license": "MIT"
    },
    "../.npm-global/lib/node_modules/docx/node_modules/xml": {
      "version": "1.0.1",
      "license": "MIT"
    },
    "../.npm-global/lib/node_modules/docx/node_modules/xml-js": {
      "version": "1.6.11",
      "license": "MIT",
      "dependencies": {
        "sax": "^1.2.4"
      },
      "bin": {
        "xml-js": "bin/cli.js"
      }
    },
    "../.npm-global/lib/node_modules/pdf-lib": {
      "version": "1.17.1",
      "license": "MIT",
      "dependencies": {
        "@pdf-lib/standard-fonts": "^1.0.0",
        "@pdf-lib/upng": "^1.0.1",
        "pako": "^1.0.11",
        "tslib": "^1.11.1"
      },
      "devDependencies": {
        "@pdf-lib/fontkit": "^1.1.0",
        "@rollup/plugin-commonjs": "^13.0.0",
        "@rollup/plugin-json": "^4.1.0",
        "@rollup/plugin-node-resolve": "^8.0.1",
        "@types/jest": "^26.0.0",
        "@types/node-fetch": "^2.5.7",
        "@types/pako": "^1.0.1",
        "@zerollup/ts-transform-paths": "^1.7.18",
        "downlevel-dts": "^0.5.0",
        "flamebearer": "^1.1.3",
        "http-server": "^0.12.3",
        "jest": "^26.0.1",
        "node-fetch": "^2.6.0",
        "prettier": "^2.0.5",
        "rimraf": "^3.0.2",
        "rollup": "^2.17.1",
        "rollup-plugin-terser": "^6.1.0",
        "ts-jest": "^26.1.0",
        "tslint": "^6.1.2",
        "tslint-config-prettier": "^1.18.0",
        "ttypescript": "^1.5.10",
        "typescript": "^3.9.5"
      }
    },
    "../.npm-global/lib/node_modules/pdf-lib/node_modules/@pdf-lib/standard-fonts": {
      "version": "1.0.0",
      "license": "MIT",
      "dependencies": {
        "pako": "^1.0.6"
      }
    },
    "../.npm-global/lib/node_modules/pdf-lib/node_modules/@pdf-lib/upng": {
      "version": "1.0.1",
      "license": "MIT",
      "dependencies": {
        "pako": "^1.0.10"
      }
    },
    "../.npm-global/lib/node_modules/pdf-lib/node_modules/pako": {
      "version": "1.0.11",
      "license": "(MIT AND Zlib)"
    },
    "../.npm-global/lib/node_modules/pdf-lib/node_modules/tslib": {
      "version": "1.14.1",
      "license": "0BSD"
    },
    "../.npm-global/lib/node_modules/playwright": {
      "version": "1.56.0",
      "license": "Apache-2.0",
      "dependencies": {
        "playwright-core": "1.56.0"
      },
      "bin": {
        "playwright": "cli.js"
      },
      "engines": {
        "node": ">=18"
      },
      "optionalDependencies": {
        "fsevents": "2.3.2"
      }
    },
    "../.npm-global/lib/node_modules/playwright/node_modules/playwright-core": {
      "version": "1.56.0",
      "license": "Apache-2.0",
      "bin": {
        "playwright-core": "cli.js"
      },
      "engines": {
        "node": ">=18"
      }
    },
    "../.npm-global/lib/node_modules/sharp": {
      "version": "0.34.5",
      "hasInstallScript": true,
      "license": "Apache-2.0",
      "dependencies": {
        "@img/colour": "^1.0.0",
        "detect-libc": "^2.1.2",
        "semver": "^7.7.3"
      },
      "devDependencies": {
        "@biomejs/biome": "^2.3.4",
        "@cpplint/cli": "^0.1.0",
        "@emnapi/runtime": "^1.7.0",
        "@img/sharp-libvips-dev": "1.2.4",
        "@img/sharp-libvips-dev-wasm32": "1.2.4",
        "@img/sharp-libvips-win32-arm64": "1.2.4",
        "@img/sharp-libvips-win32-ia32": "1.2.4",
        "@img/sharp-libvips-win32-x64": "1.2.4",
        "@types/node": "*",
        "emnapi": "^1.7.0",
        "exif-reader": "^2.0.2",
        "extract-zip": "^2.0.1",
        "icc": "^3.0.0",
        "jsdoc-to-markdown": "^9.1.3",
        "node-addon-api": "^8.5.0",
        "node-gyp": "^11.5.0",
        "tar-fs": "^3.1.1",
        "tsd": "^0.33.0"
      },
      "engines": {
        "node": "^18.17.0 || ^20.3.0 || >=21.0.0"
      },
      "funding": {
        "url": "https://opencollective.com/libvips"
      },
      "optionalDependencies": {
        "@img/sharp-darwin-arm64": "0.34.5",
        "@img/sharp-darwin-x64": "0.34.5",
        "@img/sharp-libvips-darwin-arm64": "1.2.4",
        "@img/sharp-libvips-darwin-x64": "1.2.4",
        "@img/sharp-libvips-linux-arm": "1.2.4",
        "@img/sharp-libvips-linux-arm64": "1.2.4",
        "@img/sharp-libvips-linux-ppc64": "1.2.4",
        "@img/sharp-libvips-linux-riscv64": "1.2.4",
        "@img/sharp-libvips-linux-s390x": "1.2.4",
        "@img/sharp-libvips-linux-x64": "1.2.4",
        "@img/sharp-libvips-linuxmusl-arm64": "1.2.4",
        "@img/sharp-libvips-linuxmusl-x64": "1.2.4",
        "@img/sharp-linux-arm": "0.34.5",
        "@img/sharp-linux-arm64": "0.34.5",
        "@img/sharp-linux-ppc64": "0.34.5",
        "@img/sharp-linux-riscv64": "0.34.5",
        "@img/sharp-linux-s390x": "0.34.5",
        "@img/sharp-linux-x64": "0.34.5",
        "@img/sharp-linuxmusl-arm64": "0.34.5",
        "@img/sharp-linuxmusl-x64": "0.34.5",
        "@img/sharp-wasm32": "0.34.5",
        "@img/sharp-win32-arm64": "0.34.5",
        "@img/sharp-win32-ia32": "0.34.5",
        "@img/sharp-win32-x64": "0.34.5"
      }
    },
    "../.npm-global/lib/node_modules/sharp/node_modules/@img/colour": {
      "version": "1.1.0",
      "license": "MIT",
      "engines": {
        "node": ">=18"
      }
    },
    "../.npm-global/lib/node_modules/sharp/node_modules/@img/sharp-libvips-linux-x64": {
      "version": "1.2.4",
      "cpu": [
        "x64"
      ],
      "license": "LGPL-3.0-or-later",
      "optional": true,
      "os": [
        "linux"
      ],
      "funding": {
        "url": "https://opencollective.com/libvips"
      }
    },
    "../.npm-global/lib/node_modules/sharp/node_modules/@img/sharp-linux-x64": {
      "version": "0.34.5",
      "cpu": [
        "x64"
      ],
      "license": "Apache-2.0",
      "optional": true,
      "os": [
        "linux"
      ],
      "engines": {
        "node": "^18.17.0 || ^20.3.0 || >=21.0.0"
      },
      "funding": {
        "url": "https://opencollective.com/libvips"
      },
      "optionalDependencies": {
        "@img/sharp-libvips-linux-x64": "1.2.4"
      }
    },
    "../.npm-global/lib/node_modules/sharp/node_modules/detect-libc": {
      "version": "2.1.2",
      "license": "Apache-2.0",
      "engines": {
        "node": ">=8"
      }
    },
    "../.npm-global/lib/node_modules/sharp/node_modules/semver": {
      "version": "7.7.4",
      "license": "ISC",
      "bin": {
        "semver": "bin/semver.js"
      },
      "engines": {
        "node": ">=10"
      }
    },
    "node_modules/axe-core": {
      "version": "4.13.0",
      "resolved": "https://registry.npmjs.org/axe-core/-/axe-core-4.13.0.tgz",
      "integrity": "sha512-UzGt8zg7Ny8djbYMhxl2zuEevVa7r2gJjYY5Lwr1xM7+XU2nd6CkIWFTVcCIbAP63vSz71NaVyyuSk9lHKcy0A==",
      "dev": true,
      "license": "MPL-2.0",
      "engines": {
        "node": ">=4"
      }
    },
    "node_modules/commander": {
      "version": "2.20.3",
      "resolved": "https://registry.npmjs.org/commander/-/commander-2.20.3.tgz",
      "integrity": "sha512-GpVkmM8vF2vQUkj2LvZmD35JxeJOLCwJ9cUkugyk2nuhbv3+mJvpLYYt+0+USMxE+oj+ey/lJEnhZw75x/OMcQ==",
      "dev": true,
      "license": "MIT"
    },
    "node_modules/d3-array": {
      "version": "3.2.4",
      "resolved": "https://registry.npmjs.org/d3-array/-/d3-array-3.2.4.tgz",
      "integrity": "sha512-tdQAmyA18i4J7wprpYq8ClcxZy3SC31QMeByyCFyRt7BVHdREQZ5lpzoe5mFEYZUWe+oq8HBvk9JjpibyEV4Jg==",
      "dev": true,
      "license": "ISC",
      "dependencies": {
        "internmap": "1 - 2"
      },
      "engines": {
        "node": ">=12"
      }
    },
    "node_modules/d3-geo": {
      "version": "3.1.1",
      "resolved": "https://registry.npmjs.org/d3-geo/-/d3-geo-3.1.1.tgz",
      "integrity": "sha512-637ln3gXKXOwhalDzinUgY83KzNWZRKbYubaG+fGVuc/dxO64RRljtCTnf5ecMyE1RIdtqpkVcq0IbtU2S8j2Q==",
      "dev": true,
      "license": "ISC",
      "dependencies": {
        "d3-array": "2.5.0 - 3"
      },
      "engines": {
        "node": ">=12"
      }
    },
    "node_modules/docx": {
      "resolved": "../.npm-global/lib/node_modules/docx",
      "link": true
    },
    "node_modules/internmap": {
      "version": "2.0.3",
      "resolved": "https://registry.npmjs.org/internmap/-/internmap-2.0.3.tgz",
      "integrity": "sha512-5Hh7Y1wQbvY5ooGgPbDaL5iYLAPzMTUrjMulskHLH6wnv/A+1q5rgEaiuqEjB+oxGXIVZs1FF+R/KPN3ZSQYYg==",
      "dev": true,
      "license": "ISC",
      "engines": {
        "node": ">=12"
      }
    },
    "node_modules/pdf-lib": {
      "resolved": "../.npm-global/lib/node_modules/pdf-lib",
      "link": true
    },
    "node_modules/playwright": {
      "resolved": "../.npm-global/lib/node_modules/playwright",
      "link": true
    },
    "node_modules/sharp": {
      "resolved": "../.npm-global/lib/node_modules/sharp",
      "link": true
    },
    "node_modules/topojson-client": {
      "version": "3.1.0",
      "resolved": "https://registry.npmjs.org/topojson-client/-/topojson-client-3.1.0.tgz",
      "integrity": "sha512-605uxS6bcYxGXw9qi62XyrV6Q3xwbndjachmNxu8HWTtVPxZfEJN9fd/SZS1Q54Sn2y0TMyMxFj/cJINqGHrKw==",
      "dev": true,
      "license": "ISC",
      "dependencies": {
        "commander": "2"
      },
      "bin": {
        "topo2geo": "bin/topo2geo",
        "topomerge": "bin/topomerge",
        "topoquantize": "bin/topoquantize"
      }
    },
    "node_modules/world-atlas": {
      "version": "2.0.2",
      "resolved": "https://registry.npmjs.org/world-atlas/-/world-atlas-2.0.2.tgz",
      "integrity": "sha512-IXfV0qwlKXpckz1FhwXVwKRjiIhOnWttOskm5CtxMsjgE/MXAYRHWJqgXOpM8IkcPBoXnyTU5lFHcYa5ChG0LQ==",
      "dev": true,
      "license": "ISC"
    }
  }
}
